// !$*UTF8*$!
{
	archiveVersion = 1;
	classes = {
	};
	objectVersion = 46;
	objects = {

/* Begin PBXBuildFile section */
		C727F75A1B4EC7F500AB6D13 /* MovieInterfaceController.swift in Sources */ = {isa = PBXBuildFile; fileRef = C727F7591B4EC7F500AB6D13 /* MovieInterfaceController.swift */; };
		C727F75C1B4F946600AB6D13 /* AudioRecordingInterfaceController.swift in Sources */ = {isa = PBXBuildFile; fileRef = C727F75B1B4F946600AB6D13 /* AudioRecordingInterfaceController.swift */; };
		C72B27021B4E4FF800EA6EF2 /* Main.storyboard in Resources */ = {isa = PBXBuildFile; fileRef = C72B27011B4E4FF800EA6EF2 /* Main.storyboard */; };
		C74385521B4FC17F00A523DA /* AudioInterfaceController.swift in Sources */ = {isa = PBXBuildFile; fileRef = C74385511B4FC17F00A523DA /* AudioInterfaceController.swift */; };
		C74385541B4FC1BF00A523DA /* AudioMenuInterfaceController.swift in Sources */ = {isa = PBXBuildFile; fileRef = C74385531B4FC1BF00A523DA /* AudioMenuInterfaceController.swift */; };
		C74A823C1B4FE9F20097C682 /* NetworkingInterfaceController.swift in Sources */ = {isa = PBXBuildFile; fileRef = C74A823B1B4FE9F20097C682 /* NetworkingInterfaceController.swift */; };
		C74A823E1B5005A10097C682 /* PickerCoordinatingImagesInterfaceController.swift in Sources */ = {isa = PBXBuildFile; fileRef = C74A823D1B5005A10097C682 /* PickerCoordinatingImagesInterfaceController.swift */; };
		C74A82401B50110D0097C682 /* AlertInterfaceController.swift in Sources */ = {isa = PBXBuildFile; fileRef = C74A823F1B50110D0097C682 /* AlertInterfaceController.swift */; };
		C7989AD41B53EEC9002F33D2 /* AnimationInterfaceController.swift in Sources */ = {isa = PBXBuildFile; fileRef = C7989AD31B53EEC9002F33D2 /* AnimationInterfaceController.swift */; };
		C7D0B4A61B4C0D2200288F6F /* AppDelegate.swift in Sources */ = {isa = PBXBuildFile; fileRef = C7D0B4A51B4C0D2200288F6F /* AppDelegate.swift */; };
		C7D0B4A81B4C0D2200288F6F /* ViewController.swift in Sources */ = {isa = PBXBuildFile; fileRef = C7D0B4A71B4C0D2200288F6F /* ViewController.swift */; };
		C7D0B4AD1B4C0D2200288F6F /* Assets.xcassets in Resources */ = {isa = PBXBuildFile; fileRef = C7D0B4AC1B4C0D2200288F6F /* Assets.xcassets */; };
		C7D0B4B01B4C0D2200288F6F /* LaunchScreen.storyboard in Resources */ = {isa = PBXBuildFile; fileRef = C7D0B4AE1B4C0D2200288F6F /* LaunchScreen.storyboard */; };
		C7D0B4BB1B4C0D2200288F6F /* WWDCWatchDemoTests.swift in Sources */ = {isa = PBXBuildFile; fileRef = C7D0B4BA1B4C0D2200288F6F /* WWDCWatchDemoTests.swift */; };
		C7D0B4C61B4C0D2200288F6F /* WWDCWatchDemoUITests.swift in Sources */ = {isa = PBXBuildFile; fileRef = C7D0B4C51B4C0D2200288F6F /* WWDCWatchDemoUITests.swift */; };
		C7D0B4CB1B4C0D2200288F6F /* WWDCWatchDemo WatchKit App.app in Embed Watch Content */ = {isa = PBXBuildFile; fileRef = C7D0B4CA1B4C0D2200288F6F /* WWDCWatchDemo WatchKit App.app */; };
		C7D0B4D11B4C0D2200288F6F /* Interface.storyboard in Resources */ = {isa = PBXBuildFile; fileRef = C7D0B4CF1B4C0D2200288F6F /* Interface.storyboard */; };
		C7D0B4D31B4C0D2200288F6F /* Assets.xcassets in Resources */ = {isa = PBXBuildFile; fileRef = C7D0B4D21B4C0D2200288F6F /* Assets.xcassets */; };
		C7D0B4DA1B4C0D2300288F6F /* WWDCWatchDemo WatchKit Extension.appex in Embed App Extensions */ = {isa = PBXBuildFile; fileRef = C7D0B4D91B4C0D2300288F6F /* WWDCWatchDemo WatchKit Extension.appex */; settings = {ATTRIBUTES = (RemoveHeadersOnCopy, ); }; };
		C7D0B4E11B4C0D2300288F6F /* InterfaceController.swift in Sources */ = {isa = PBXBuildFile; fileRef = C7D0B4E01B4C0D2300288F6F /* InterfaceController.swift */; };
		C7D0B4E31B4C0D2300288F6F /* ExtensionDelegate.swift in Sources */ = {isa = PBXBuildFile; fileRef = C7D0B4E21B4C0D2300288F6F /* ExtensionDelegate.swift */; };
		C7D0B4E51B4C0D2300288F6F /* NotificationController.swift in Sources */ = {isa = PBXBuildFile; fileRef = C7D0B4E41B4C0D2300288F6F /* NotificationController.swift */; };
		C7D0B4E71B4C0D2300288F6F /* GlanceController.swift in Sources */ = {isa = PBXBuildFile; fileRef = C7D0B4E61B4C0D2300288F6F /* GlanceController.swift */; };
		C7D0B4E91B4C0D2300288F6F /* ComplicationController.swift in Sources */ = {isa = PBXBuildFile; fileRef = C7D0B4E81B4C0D2300288F6F /* ComplicationController.swift */; };
		C7D0B4EB1B4C0D2300288F6F /* Assets.xcassets in Resources */ = {isa = PBXBuildFile; fileRef = C7D0B4EA1B4C0D2300288F6F /* Assets.xcassets */; };
		C7D0B5011B4C10FE00288F6F /* MenuTableRowController.swift in Sources */ = {isa = PBXBuildFile; fileRef = C7D0B5001B4C10FE00288F6F /* MenuTableRowController.swift */; };
		C7D0B5041B4C140000288F6F /* PickerListStyleInterfaceController.swift in Sources */ = {isa = PBXBuildFile; fileRef = C7D0B5031B4C140000288F6F /* PickerListStyleInterfaceController.swift */; };
		C7F5423A1B4FAEFF00E5B55D /* jump.MOV in Resources */ = {isa = PBXBuildFile; fileRef = C7F542391B4FAEFF00E5B55D /* jump.MOV */; };
		C7F5423C1B4FB1F200E5B55D /* MovieMenuInterfaceController.swift in Sources */ = {isa = PBXBuildFile; fileRef = C7F5423B1B4FB1F200E5B55D /* MovieMenuInterfaceController.swift */; };
		C7F542421B4FBDCC00E5B55D /* One Man Can Change the World.mp3 in Resources */ = {isa = PBXBuildFile; fileRef = C7F542411B4FBDCC00E5B55D /* One Man Can Change the World.mp3 */; };
		C7F57F081B4E5F84000B14C4 /* PickerStackStyleInterfaceController.swift in Sources */ = {isa = PBXBuildFile; fileRef = C7F57F071B4E5F84000B14C4 /* PickerStackStyleInterfaceController.swift */; };
		C7F57F0A1B4E63C0000B14C4 /* PickerSequenceStyleInterfaceController.swift in Sources */ = {isa = PBXBuildFile; fileRef = C7F57F091B4E63C0000B14C4 /* PickerSequenceStyleInterfaceController.swift */; };
/* End PBXBuildFile section */

/* Begin PBXContainerItemProxy section */
		C7D0B4B71B4C0D2200288F6F /* PBXContainerItemProxy */ = {
			isa = PBXContainerItemProxy;
			containerPortal = C7D0B49A1B4C0D2200288F6F /* Project object */;
			proxyType = 1;
			remoteGlobalIDString = C7D0B4A11B4C0D2200288F6F;
			remoteInfo = WWDCWatchDemo;
		};
		C7D0B4C21B4C0D2200288F6F /* PBXContainerItemProxy */ = {
			isa = PBXContainerItemProxy;
			containerPortal = C7D0B49A1B4C0D2200288F6F /* Project object */;
			proxyType = 1;
			remoteGlobalIDString = C7D0B4A11B4C0D2200288F6F;
			remoteInfo = WWDCWatchDemo;
		};
		C7D0B4CC1B4C0D2200288F6F /* PBXContainerItemProxy */ = {
			isa = PBXContainerItemProxy;
			containerPortal = C7D0B49A1B4C0D2200288F6F /* Project object */;
			proxyType = 1;
			remoteGlobalIDString = C7D0B4C91B4C0D2200288F6F;
			remoteInfo = "WWDCWatchDemo WatchKit App";
		};
		C7D0B4DB1B4C0D2300288F6F /* PBXContainerItemProxy */ = {
			isa = PBXContainerItemProxy;
			containerPortal = C7D0B49A1B4C0D2200288F6F /* Project object */;
			proxyType = 1;
			remoteGlobalIDString = C7D0B4D81B4C0D2300288F6F;
			remoteInfo = "WWDCWatchDemo WatchKit Extension";
		};
/* End PBXContainerItemProxy section */

/* Begin PBXCopyFilesBuildPhase section */
		C7D0B4F21B4C0D2300288F6F /* Embed App Extensions */ = {
			isa = PBXCopyFilesBuildPhase;
			buildActionMask = 2147483647;
			dstPath = "";
			dstSubfolderSpec = 13;
			files = (
				C7D0B4DA1B4C0D2300288F6F /* WWDCWatchDemo WatchKit Extension.appex in Embed App Extensions */,
			);
			name = "Embed App Extensions";
			runOnlyForDeploymentPostprocessing = 0;
		};
		C7D0B4F61B4C0D2300288F6F /* Embed Watch Content */ = {
			isa = PBXCopyFilesBuildPhase;
			buildActionMask = 2147483647;
			dstPath = "$(CONTENTS_FOLDER_PATH)/Watch";
			dstSubfolderSpec = 16;
			files = (
				C7D0B4CB1B4C0D2200288F6F /* WWDCWatchDemo WatchKit App.app in Embed Watch Content */,
			);
			name = "Embed Watch Content";
			runOnlyForDeploymentPostprocessing = 0;
		};
/* End PBXCopyFilesBuildPhase section */

/* Begin PBXFileReference section */
		C727F7591B4EC7F500AB6D13 /* MovieInterfaceController.swift */ = {isa = PBXFileReference; fileEncoding = 4; lastKnownFileType = sourcecode.swift; path = MovieInterfaceController.swift; sourceTree = "<group>"; };
		C727F75B1B4F946600AB6D13 /* AudioRecordingInterfaceController.swift */ = {isa = PBXFileReference; fileEncoding = 4; lastKnownFileType = sourcecode.swift; path = AudioRecordingInterfaceController.swift; sourceTree = "<group>"; };
		C727F75D1B4F969200AB6D13 /* WWDCWatchDemo.entitlements */ = {isa = PBXFileReference; lastKnownFileType = text.xml; path = WWDCWatchDemo.entitlements; sourceTree = "<group>"; };
		C727F75E1B4F96A900AB6D13 /* WWDCWatchDemo WatchKit App.entitlements */ = {isa = PBXFileReference; lastKnownFileType = text.xml; path = "WWDCWatchDemo WatchKit App.entitlements"; sourceTree = "<group>"; };
		C727F75F1B4F96B600AB6D13 /* WWDCWatchDemo WatchKit Extension.entitlements */ = {isa = PBXFileReference; lastKnownFileType = text.xml; path = "WWDCWatchDemo WatchKit Extension.entitlements"; sourceTree = "<group>"; };
		C72B27011B4E4FF800EA6EF2 /* Main.storyboard */ = {isa = PBXFileReference; fileEncoding = 4; lastKnownFileType = file.storyboard; name = Main.storyboard; path = ../Main.storyboard; sourceTree = "<group>"; };
		C74385511B4FC17F00A523DA /* AudioInterfaceController.swift */ = {isa = PBXFileReference; fileEncoding = 4; lastKnownFileType = sourcecode.swift; path = AudioInterfaceController.swift; sourceTree = "<group>"; };
		C74385531B4FC1BF00A523DA /* AudioMenuInterfaceController.swift */ = {isa = PBXFileReference; fileEncoding = 4; lastKnownFileType = sourcecode.swift; path = AudioMenuInterfaceController.swift; sourceTree = "<group>"; };
		C74A823B1B4FE9F20097C682 /* NetworkingInterfaceController.swift */ = {isa = PBXFileReference; fileEncoding = 4; lastKnownFileType = sourcecode.swift; path = NetworkingInterfaceController.swift; sourceTree = "<group>"; };
		C74A823D1B5005A10097C682 /* PickerCoordinatingImagesInterfaceController.swift */ = {isa = PBXFileReference; fileEncoding = 4; lastKnownFileType = sourcecode.swift; path = PickerCoordinatingImagesInterfaceController.swift; sourceTree = "<group>"; };
		C74A823F1B50110D0097C682 /* AlertInterfaceController.swift */ = {isa = PBXFileReference; fileEncoding = 4; lastKnownFileType = sourcecode.swift; path = AlertInterfaceController.swift; sourceTree = "<group>"; };
		C7989AD31B53EEC9002F33D2 /* AnimationInterfaceController.swift */ = {isa = PBXFileReference; fileEncoding = 4; lastKnownFileType = sourcecode.swift; path = AnimationInterfaceController.swift; sourceTree = "<group>"; };
		C7D0B4A21B4C0D2200288F6F /* WWDCWatchDemo.app */ = {isa = PBXFileReference; explicitFileType = wrapper.application; includeInIndex = 0; path = WWDCWatchDemo.app; sourceTree = BUILT_PRODUCTS_DIR; };
		C7D0B4A51B4C0D2200288F6F /* AppDelegate.swift */ = {isa = PBXFileReference; lastKnownFileType = sourcecode.swift; path = AppDelegate.swift; sourceTree = "<group>"; };
		C7D0B4A71B4C0D2200288F6F /* ViewController.swift */ = {isa = PBXFileReference; lastKnownFileType = sourcecode.swift; path = ViewController.swift; sourceTree = "<group>"; };
		C7D0B4AC1B4C0D2200288F6F /* Assets.xcassets */ = {isa = PBXFileReference; lastKnownFileType = folder.assetcatalog; path = Assets.xcassets; sourceTree = "<group>"; };
		C7D0B4AF1B4C0D2200288F6F /* Base */ = {isa = PBXFileReference; lastKnownFileType = file.storyboard; name = Base; path = Base.lproj/LaunchScreen.storyboard; sourceTree = "<group>"; };
		C7D0B4B11B4C0D2200288F6F /* Info.plist */ = {isa = PBXFileReference; lastKnownFileType = text.plist.xml; path = Info.plist; sourceTree = "<group>"; };
		C7D0B4B61B4C0D2200288F6F /* WWDCWatchDemoTests.xctest */ = {isa = PBXFileReference; explicitFileType = wrapper.cfbundle; includeInIndex = 0; path = WWDCWatchDemoTests.xctest; sourceTree = BUILT_PRODUCTS_DIR; };
		C7D0B4BA1B4C0D2200288F6F /* WWDCWatchDemoTests.swift */ = {isa = PBXFileReference; lastKnownFileType = sourcecode.swift; path = WWDCWatchDemoTests.swift; sourceTree = "<group>"; };
		C7D0B4BC1B4C0D2200288F6F /* Info.plist */ = {isa = PBXFileReference; lastKnownFileType = text.plist.xml; path = Info.plist; sourceTree = "<group>"; };
		C7D0B4C11B4C0D2200288F6F /* WWDCWatchDemoUITests.xctest */ = {isa = PBXFileReference; explicitFileType = wrapper.cfbundle; includeInIndex = 0; path = WWDCWatchDemoUITests.xctest; sourceTree = BUILT_PRODUCTS_DIR; };
		C7D0B4C51B4C0D2200288F6F /* WWDCWatchDemoUITests.swift */ = {isa = PBXFileReference; lastKnownFileType = sourcecode.swift; path = WWDCWatchDemoUITests.swift; sourceTree = "<group>"; };
		C7D0B4C71B4C0D2200288F6F /* Info.plist */ = {isa = PBXFileReference; lastKnownFileType = text.plist.xml; path = Info.plist; sourceTree = "<group>"; };
		C7D0B4CA1B4C0D2200288F6F /* WWDCWatchDemo WatchKit App.app */ = {isa = PBXFileReference; explicitFileType = wrapper.application; includeInIndex = 0; path = "WWDCWatchDemo WatchKit App.app"; sourceTree = BUILT_PRODUCTS_DIR; };
		C7D0B4D01B4C0D2200288F6F /* Base */ = {isa = PBXFileReference; lastKnownFileType = file.storyboard; name = Base; path = Base.lproj/Interface.storyboard; sourceTree = "<group>"; };
		C7D0B4D21B4C0D2200288F6F /* Assets.xcassets */ = {isa = PBXFileReference; lastKnownFileType = folder.assetcatalog; path = Assets.xcassets; sourceTree = "<group>"; };
		C7D0B4D41B4C0D2200288F6F /* Info.plist */ = {isa = PBXFileReference; lastKnownFileType = text.plist.xml; path = Info.plist; sourceTree = "<group>"; };
		C7D0B4D91B4C0D2300288F6F /* WWDCWatchDemo WatchKit Extension.appex */ = {isa = PBXFileReference; explicitFileType = "wrapper.app-extension"; includeInIndex = 0; path = "WWDCWatchDemo WatchKit Extension.appex"; sourceTree = BUILT_PRODUCTS_DIR; };
		C7D0B4DF1B4C0D2300288F6F /* PushNotificationPayload.apns */ = {isa = PBXFileReference; lastKnownFileType = text; path = PushNotificationPayload.apns; sourceTree = "<group>"; };
		C7D0B4E01B4C0D2300288F6F /* InterfaceController.swift */ = {isa = PBXFileReference; lastKnownFileType = sourcecode.swift; path = InterfaceController.swift; sourceTree = "<group>"; };
		C7D0B4E21B4C0D2300288F6F /* ExtensionDelegate.swift */ = {isa = PBXFileReference; lastKnownFileType = sourcecode.swift; path = ExtensionDelegate.swift; sourceTree = "<group>"; };
		C7D0B4E41B4C0D2300288F6F /* NotificationController.swift */ = {isa = PBXFileReference; lastKnownFileType = sourcecode.swift; path = NotificationController.swift; sourceTree = "<group>"; };
		C7D0B4E61B4C0D2300288F6F /* GlanceController.swift */ = {isa = PBXFileReference; lastKnownFileType = sourcecode.swift; path = GlanceController.swift; sourceTree = "<group>"; };
		C7D0B4E81B4C0D2300288F6F /* ComplicationController.swift */ = {isa = PBXFileReference; lastKnownFileType = sourcecode.swift; path = ComplicationController.swift; sourceTree = "<group>"; };
		C7D0B4EA1B4C0D2300288F6F /* Assets.xcassets */ = {isa = PBXFileReference; lastKnownFileType = folder.assetcatalog; path = Assets.xcassets; sourceTree = "<group>"; };
		C7D0B4EC1B4C0D2300288F6F /* Info.plist */ = {isa = PBXFileReference; lastKnownFileType = text.plist.xml; path = Info.plist; sourceTree = "<group>"; };
		C7D0B5001B4C10FE00288F6F /* MenuTableRowController.swift */ = {isa = PBXFileReference; fileEncoding = 4; lastKnownFileType = sourcecode.swift; path = MenuTableRowController.swift; sourceTree = "<group>"; };
		C7D0B5031B4C140000288F6F /* PickerListStyleInterfaceController.swift */ = {isa = PBXFileReference; fileEncoding = 4; lastKnownFileType = sourcecode.swift; path = PickerListStyleInterfaceController.swift; sourceTree = "<group>"; };
		C7F542391B4FAEFF00E5B55D /* jump.MOV */ = {isa = PBXFileReference; lastKnownFileType = video.quicktime; path = jump.MOV; sourceTree = "<group>"; };
		C7F5423B1B4FB1F200E5B55D /* MovieMenuInterfaceController.swift */ = {isa = PBXFileReference; fileEncoding = 4; lastKnownFileType = sourcecode.swift; path = MovieMenuInterfaceController.swift; sourceTree = "<group>"; };
		C7F542411B4FBDCC00E5B55D /* One Man Can Change the World.mp3 */ = {isa = PBXFileReference; lastKnownFileType = audio.mp3; path = "One Man Can Change the World.mp3"; sourceTree = "<group>"; };
		C7F57F071B4E5F84000B14C4 /* PickerStackStyleInterfaceController.swift */ = {isa = PBXFileReference; fileEncoding = 4; lastKnownFileType = sourcecode.swift; path = PickerStackStyleInterfaceController.swift; sourceTree = "<group>"; };
		C7F57F091B4E63C0000B14C4 /* PickerSequenceStyleInterfaceController.swift */ = {isa = PBXFileReference; fileEncoding = 4; lastKnownFileType = sourcecode.swift; path = PickerSequenceStyleInterfaceController.swift; sourceTree = "<group>"; };
/* End PBXFileReference section */

/* Begin PBXFrameworksBuildPhase section */
		C7D0B49F1B4C0D2200288F6F /* Frameworks */ = {
			isa = PBXFrameworksBuildPhase;
			buildActionMask = 2147483647;
			files = (
			);
			runOnlyForDeploymentPostprocessing = 0;
		};
		C7D0B4B31B4C0D2200288F6F /* Frameworks */ = {
			isa = PBXFrameworksBuildPhase;
			buildActionMask = 2147483647;
			files = (
			);
			runOnlyForDeploymentPostprocessing = 0;
		};
		C7D0B4BE1B4C0D2200288F6F /* Frameworks */ = {
			isa = PBXFrameworksBuildPhase;
			buildActionMask = 2147483647;
			files = (
			);
			runOnlyForDeploymentPostprocessing = 0;
		};
		C7D0B4D61B4C0D2300288F6F /* Frameworks */ = {
			isa = PBXFrameworksBuildPhase;
			buildActionMask = 2147483647;
			files = (
			);
			runOnlyForDeploymentPostprocessing = 0;
		};
/* End PBXFrameworksBuildPhase section */

/* Begin PBXGroup section */
		C74385501B4FC0F900A523DA /* Audio */ = {
			isa = PBXGroup;
			children = (
				C74385511B4FC17F00A523DA /* AudioInterfaceController.swift */,
				C74385531B4FC1BF00A523DA /* AudioMenuInterfaceController.swift */,
			);
			name = Audio;
			sourceTree = "<group>";
		};
		C74A82411B5012930097C682 /* Networking */ = {
			isa = PBXGroup;
			children = (
				C74A823B1B4FE9F20097C682 /* NetworkingInterfaceController.swift */,
			);
			name = Networking;
			sourceTree = "<group>";
		};
		C74A82421B50129D0097C682 /* Alert */ = {
			isa = PBXGroup;
			children = (
				C74A823F1B50110D0097C682 /* AlertInterfaceController.swift */,
			);
			name = Alert;
			sourceTree = "<group>";
		};
		C7D0B4991B4C0D2200288F6F = {
			isa = PBXGroup;
			children = (
				C7D0B4A41B4C0D2200288F6F /* WWDCWatchDemo */,
				C7D0B4B91B4C0D2200288F6F /* WWDCWatchDemoTests */,
				C7D0B4C41B4C0D2200288F6F /* WWDCWatchDemoUITests */,
				C7D0B4CE1B4C0D2200288F6F /* WWDCWatchDemo WatchKit App */,
				C7D0B4DD1B4C0D2300288F6F /* WWDCWatchDemo WatchKit Extension */,
				C7D0B4A31B4C0D2200288F6F /* Products */,
			);
			sourceTree = "<group>";
		};
		C7D0B4A31B4C0D2200288F6F /* Products */ = {
			isa = PBXGroup;
			children = (
				C7D0B4A21B4C0D2200288F6F /* WWDCWatchDemo.app */,
				C7D0B4B61B4C0D2200288F6F /* WWDCWatchDemoTests.xctest */,
				C7D0B4C11B4C0D2200288F6F /* WWDCWatchDemoUITests.xctest */,
				C7D0B4CA1B4C0D2200288F6F /* WWDCWatchDemo WatchKit App.app */,
				C7D0B4D91B4C0D2300288F6F /* WWDCWatchDemo WatchKit Extension.appex */,
			);
			name = Products;
			sourceTree = "<group>";
		};
		C7D0B4A41B4C0D2200288F6F /* WWDCWatchDemo */ = {
			isa = PBXGroup;
			children = (
				C727F75D1B4F969200AB6D13 /* WWDCWatchDemo.entitlements */,
				C7D0B4A51B4C0D2200288F6F /* AppDelegate.swift */,
				C7D0B4A71B4C0D2200288F6F /* ViewController.swift */,
				C7D0B4AC1B4C0D2200288F6F /* Assets.xcassets */,
				C72B27011B4E4FF800EA6EF2 /* Main.storyboard */,
				C7D0B4AE1B4C0D2200288F6F /* LaunchScreen.storyboard */,
				C7D0B4B11B4C0D2200288F6F /* Info.plist */,
			);
			path = WWDCWatchDemo;
			sourceTree = "<group>";
		};
		C7D0B4B91B4C0D2200288F6F /* WWDCWatchDemoTests */ = {
			isa = PBXGroup;
			children = (
				C7D0B4BA1B4C0D2200288F6F /* WWDCWatchDemoTests.swift */,
				C7D0B4BC1B4C0D2200288F6F /* Info.plist */,
			);
			path = WWDCWatchDemoTests;
			sourceTree = "<group>";
		};
		C7D0B4C41B4C0D2200288F6F /* WWDCWatchDemoUITests */ = {
			isa = PBXGroup;
			children = (
				C7D0B4C51B4C0D2200288F6F /* WWDCWatchDemoUITests.swift */,
				C7D0B4C71B4C0D2200288F6F /* Info.plist */,
			);
			path = WWDCWatchDemoUITests;
			sourceTree = "<group>";
		};
		C7D0B4CE1B4C0D2200288F6F /* WWDCWatchDemo WatchKit App */ = {
			isa = PBXGroup;
			children = (
				C727F75E1B4F96A900AB6D13 /* WWDCWatchDemo WatchKit App.entitlements */,
				C7D0B4CF1B4C0D2200288F6F /* Interface.storyboard */,
				C7D0B4D21B4C0D2200288F6F /* Assets.xcassets */,
				C7D0B4D41B4C0D2200288F6F /* Info.plist */,
			);
			path = "WWDCWatchDemo WatchKit App";
			sourceTree = "<group>";
		};
		C7D0B4DD1B4C0D2300288F6F /* WWDCWatchDemo WatchKit Extension */ = {
			isa = PBXGroup;
			children = (
				C727F75F1B4F96B600AB6D13 /* WWDCWatchDemo WatchKit Extension.entitlements */,
				C7D0B4E01B4C0D2300288F6F /* InterfaceController.swift */,
				C7F57F061B4E5F4F000B14C4 /* Picker */,
				C7F5423D1B4FB28E00E5B55D /* Movie */,
				C74385501B4FC0F900A523DA /* Audio */,
				C7F5423E1B4FB79900E5B55D /* Audio Recording */,
				C74A82411B5012930097C682 /* Networking */,
				C74A82421B50129D0097C682 /* Alert */,
				C7D0B5001B4C10FE00288F6F /* MenuTableRowController.swift */,
				C7989AD31B53EEC9002F33D2 /* AnimationInterfaceController.swift */,
				C7D0B4E21B4C0D2300288F6F /* ExtensionDelegate.swift */,
				C7D0B4E41B4C0D2300288F6F /* NotificationController.swift */,
				C7D0B4E61B4C0D2300288F6F /* GlanceController.swift */,
				C7D0B4E81B4C0D2300288F6F /* ComplicationController.swift */,
				C7F542391B4FAEFF00E5B55D /* jump.MOV */,
				C7F542411B4FBDCC00E5B55D /* One Man Can Change the World.mp3 */,
				C7D0B4EA1B4C0D2300288F6F /* Assets.xcassets */,
				C7D0B4EC1B4C0D2300288F6F /* Info.plist */,
				C7D0B4DE1B4C0D2300288F6F /* Supporting Files */,
			);
			path = "WWDCWatchDemo WatchKit Extension";
			sourceTree = "<group>";
		};
		C7D0B4DE1B4C0D2300288F6F /* Supporting Files */ = {
			isa = PBXGroup;
			children = (
				C7D0B4DF1B4C0D2300288F6F /* PushNotificationPayload.apns */,
			);
			name = "Supporting Files";
			sourceTree = "<group>";
		};
		C7F5423D1B4FB28E00E5B55D /* Movie */ = {
			isa = PBXGroup;
			children = (
				C7F5423B1B4FB1F200E5B55D /* MovieMenuInterfaceController.swift */,
				C727F7591B4EC7F500AB6D13 /* MovieInterfaceController.swift */,
			);
			name = Movie;
			sourceTree = "<group>";
		};
		C7F5423E1B4FB79900E5B55D /* Audio Recording */ = {
			isa = PBXGroup;
			children = (
				C727F75B1B4F946600AB6D13 /* AudioRecordingInterfaceController.swift */,
			);
			name = "Audio Recording";
			sourceTree = "<group>";
		};
		C7F57F061B4E5F4F000B14C4 /* Picker */ = {
			isa = PBXGroup;
			children = (
				C7D0B5031B4C140000288F6F /* PickerListStyleInterfaceController.swift */,
				C7F57F071B4E5F84000B14C4 /* PickerStackStyleInterfaceController.swift */,
				C7F57F091B4E63C0000B14C4 /* PickerSequenceStyleInterfaceController.swift */,
				C74A823D1B5005A10097C682 /* PickerCoordinatingImagesInterfaceController.swift */,
			);
			name = Picker;
			sourceTree = "<group>";
		};
/* End PBXGroup section */

/* Begin PBXNativeTarget section */
		C7D0B4A11B4C0D2200288F6F /* WWDCWatchDemo */ = {
			isa = PBXNativeTarget;
			buildConfigurationList = C7D0B4F71B4C0D2300288F6F /* Build configuration list for PBXNativeTarget "WWDCWatchDemo" */;
			buildPhases = (
				C7D0B49E1B4C0D2200288F6F /* Sources */,
				C7D0B49F1B4C0D2200288F6F /* Frameworks */,
				C7D0B4A01B4C0D2200288F6F /* Resources */,
				C7D0B4F61B4C0D2300288F6F /* Embed Watch Content */,
			);
			buildRules = (
			);
			dependencies = (
				C7D0B4CD1B4C0D2200288F6F /* PBXTargetDependency */,
			);
			name = WWDCWatchDemo;
			productName = WWDCWatchDemo;
			productReference = C7D0B4A21B4C0D2200288F6F /* WWDCWatchDemo.app */;
			productType = "com.apple.product-type.application";
		};
		C7D0B4B51B4C0D2200288F6F /* WWDCWatchDemoTests */ = {
			isa = PBXNativeTarget;
			buildConfigurationList = C7D0B4FA1B4C0D2300288F6F /* Build configuration list for PBXNativeTarget "WWDCWatchDemoTests" */;
			buildPhases = (
				C7D0B4B21B4C0D2200288F6F /* Sources */,
				C7D0B4B31B4C0D2200288F6F /* Frameworks */,
				C7D0B4B41B4C0D2200288F6F /* Resources */,
			);
			buildRules = (
			);
			dependencies = (
				C7D0B4B81B4C0D2200288F6F /* PBXTargetDependency */,
			);
			name = WWDCWatchDemoTests;
			productName = WWDCWatchDemoTests;
			productReference = C7D0B4B61B4C0D2200288F6F /* WWDCWatchDemoTests.xctest */;
			productType = "com.apple.product-type.bundle.unit-test";
		};
		C7D0B4C01B4C0D2200288F6F /* WWDCWatchDemoUITests */ = {
			isa = PBXNativeTarget;
			buildConfigurationList = C7D0B4FD1B4C0D2300288F6F /* Build configuration list for PBXNativeTarget "WWDCWatchDemoUITests" */;
			buildPhases = (
				C7D0B4BD1B4C0D2200288F6F /* Sources */,
				C7D0B4BE1B4C0D2200288F6F /* Frameworks */,
				C7D0B4BF1B4C0D2200288F6F /* Resources */,
			);
			buildRules = (
			);
			dependencies = (
				C7D0B4C31B4C0D2200288F6F /* PBXTargetDependency */,
			);
			name = WWDCWatchDemoUITests;
			productName = WWDCWatchDemoUITests;
			productReference = C7D0B4C11B4C0D2200288F6F /* WWDCWatchDemoUITests.xctest */;
			productType = "com.apple.product-type.bundle.ui-testing";
		};
		C7D0B4C91B4C0D2200288F6F /* WWDCWatchDemo WatchKit App */ = {
			isa = PBXNativeTarget;
			buildConfigurationList = C7D0B4F31B4C0D2300288F6F /* Build configuration list for PBXNativeTarget "WWDCWatchDemo WatchKit App" */;
			buildPhases = (
				C7D0B4C81B4C0D2200288F6F /* Resources */,
				C7D0B4F21B4C0D2300288F6F /* Embed App Extensions */,
			);
			buildRules = (
			);
			dependencies = (
				C7D0B4DC1B4C0D2300288F6F /* PBXTargetDependency */,
			);
			name = "WWDCWatchDemo WatchKit App";
			productName = "WWDCWatchDemo WatchKit App";
			productReference = C7D0B4CA1B4C0D2200288F6F /* WWDCWatchDemo WatchKit App.app */;
			productType = "com.apple.product-type.application.watchapp2";
		};
		C7D0B4D81B4C0D2300288F6F /* WWDCWatchDemo WatchKit Extension */ = {
			isa = PBXNativeTarget;
			buildConfigurationList = C7D0B4EF1B4C0D2300288F6F /* Build configuration list for PBXNativeTarget "WWDCWatchDemo WatchKit Extension" */;
			buildPhases = (
				C7D0B4D51B4C0D2300288F6F /* Sources */,
				C7D0B4D61B4C0D2300288F6F /* Frameworks */,
				C7D0B4D71B4C0D2300288F6F /* Resources */,
			);
			buildRules = (
			);
			dependencies = (
			);
			name = "WWDCWatchDemo WatchKit Extension";
			productName = "WWDCWatchDemo WatchKit Extension";
			productReference = C7D0B4D91B4C0D2300288F6F /* WWDCWatchDemo WatchKit Extension.appex */;
			productType = "com.apple.product-type.watchkit2-extension";
		};
/* End PBXNativeTarget section */

/* Begin PBXProject section */
		C7D0B49A1B4C0D2200288F6F /* Project object */ = {
			isa = PBXProject;
			attributes = {
				LastUpgradeCheck = 0700;
				ORGANIZATIONNAME = "Jacky Wang";
				TargetAttributes = {
					C7D0B4A11B4C0D2200288F6F = {
						CreatedOnToolsVersion = 7.0;
						DevelopmentTeam = 5ZTR5AMDM6;
						SystemCapabilities = {
							com.apple.ApplicationGroups.iOS = {
								enabled = 1;
							};
							com.apple.BackgroundModes = {
								enabled = 1;
							};
						};
					};
					C7D0B4B51B4C0D2200288F6F = {
						CreatedOnToolsVersion = 7.0;
						TestTargetID = C7D0B4A11B4C0D2200288F6F;
					};
					C7D0B4C01B4C0D2200288F6F = {
						CreatedOnToolsVersion = 7.0;
						TestTargetID = C7D0B4A11B4C0D2200288F6F;
					};
					C7D0B4C91B4C0D2200288F6F = {
						CreatedOnToolsVersion = 7.0;
						DevelopmentTeam = 5ZTR5AMDM6;
						SystemCapabilities = {
							com.apple.ApplicationGroups.iOS = {
								enabled = 1;
							};
						};
					};
					C7D0B4D81B4C0D2300288F6F = {
						CreatedOnToolsVersion = 7.0;
						DevelopmentTeam = 5ZTR5AMDM6;
						SystemCapabilities = {
							com.apple.ApplicationGroups.iOS = {
								enabled = 1;
							};
							com.apple.InterAppAudio = {
								enabled = 0;
							};
						};
					};
				};
			};
			buildConfigurationList = C7D0B49D1B4C0D2200288F6F /* Build configuration list for PBXProject "WWDCWatchDemo" */;
			compatibilityVersion = "Xcode 3.2";
			developmentRegion = English;
			hasScannedForEncodings = 0;
			knownRegions = (
				en,
				Base,
			);
			mainGroup = C7D0B4991B4C0D2200288F6F;
			productRefGroup = C7D0B4A31B4C0D2200288F6F /* Products */;
			projectDirPath = "";
			projectRoot = "";
			targets = (
				C7D0B4A11B4C0D2200288F6F /* WWDCWatchDemo */,
				C7D0B4B51B4C0D2200288F6F /* WWDCWatchDemoTests */,
				C7D0B4C01B4C0D2200288F6F /* WWDCWatchDemoUITests */,
				C7D0B4C91B4C0D2200288F6F /* WWDCWatchDemo WatchKit App */,
				C7D0B4D81B4C0D2300288F6F /* WWDCWatchDemo WatchKit Extension */,
			);
		};
/* End PBXProject section */

/* Begin PBXResourcesBuildPhase section */
		C7D0B4A01B4C0D2200288F6F /* Resources */ = {
			isa = PBXResourcesBuildPhase;
			buildActionMask = 2147483647;
			files = (
				C72B27021B4E4FF800EA6EF2 /* Main.storyboard in Resources */,
				C7D0B4B01B4C0D2200288F6F /* LaunchScreen.storyboard in Resources */,
				C7D0B4AD1B4C0D2200288F6F /* Assets.xcassets in Resources */,
			);
			runOnlyForDeploymentPostprocessing = 0;
		};
		C7D0B4B41B4C0D2200288F6F /* Resources */ = {
			isa = PBXResourcesBuildPhase;
			buildActionMask = 2147483647;
			files = (
			);
			runOnlyForDeploymentPostprocessing = 0;
		};
		C7D0B4BF1B4C0D2200288F6F /* Resources */ = {
			isa = PBXResourcesBuildPhase;
			buildActionMask = 2147483647;
			files = (
			);
			runOnlyForDeploymentPostprocessing = 0;
		};
		C7D0B4C81B4C0D2200288F6F /* Resources */ = {
			isa = PBXResourcesBuildPhase;
			buildActionMask = 2147483647;
			files = (
				C7D0B4D31B4C0D2200288F6F /* Assets.xcassets in Resources */,
				C7D0B4D11B4C0D2200288F6F /* Interface.storyboard in Resources */,
			);
			runOnlyForDeploymentPostprocessing = 0;
		};
		C7D0B4D71B4C0D2300288F6F /* Resources */ = {
			isa = PBXResourcesBuildPhase;
			buildActionMask = 2147483647;
			files = (
				C7F5423A1B4FAEFF00E5B55D /* jump.MOV in Resources */,
				C7F542421B4FBDCC00E5B55D /* One Man Can Change the World.mp3 in Resources */,
				C7D0B4EB1B4C0D2300288F6F /* Assets.xcassets in Resources */,
			);
			runOnlyForDeploymentPostprocessing = 0;
		};
/* End PBXResourcesBuildPhase section */

/* Begin PBXSourcesBuildPhase section */
		C7D0B49E1B4C0D2200288F6F /* Sources */ = {
			isa = PBXSourcesBuildPhase;
			buildActionMask = 2147483647;
			files = (
				C7D0B4A81B4C0D2200288F6F /* ViewController.swift in Sources */,
				C7D0B4A61B4C0D2200288F6F /* AppDelegate.swift in Sources */,
			);
			runOnlyForDeploymentPostprocessing = 0;
		};
		C7D0B4B21B4C0D2200288F6F /* Sources */ = {
			isa = PBXSourcesBuildPhase;
			buildActionMask = 2147483647;
			files = (
				C7D0B4BB1B4C0D2200288F6F /* WWDCWatchDemoTests.swift in Sources */,
			);
			runOnlyForDeploymentPostprocessing = 0;
		};
		C7D0B4BD1B4C0D2200288F6F /* Sources */ = {
			isa = PBXSourcesBuildPhase;
			buildActionMask = 2147483647;
			files = (
				C7D0B4C61B4C0D2200288F6F /* WWDCWatchDemoUITests.swift in Sources */,
			);
			runOnlyForDeploymentPostprocessing = 0;
		};
		C7D0B4D51B4C0D2300288F6F /* Sources */ = {
			isa = PBXSourcesBuildPhase;
			buildActionMask = 2147483647;
			files = (
				C727F75A1B4EC7F500AB6D13 /* MovieInterfaceController.swift in Sources */,
				C7F57F0A1B4E63C0000B14C4 /* PickerSequenceStyleInterfaceController.swift in Sources */,
				C7D0B5041B4C140000288F6F /* PickerListStyleInterfaceController.swift in Sources */,
				C74A823E1B5005A10097C682 /* PickerCoordinatingImagesInterfaceController.swift in Sources */,
				C74A823C1B4FE9F20097C682 /* NetworkingInterfaceController.swift in Sources */,
				C7D0B4E51B4C0D2300288F6F /* NotificationController.swift in Sources */,
				C74385541B4FC1BF00A523DA /* AudioMenuInterfaceController.swift in Sources */,
				C7D0B4E31B4C0D2300288F6F /* ExtensionDelegate.swift in Sources */,
				C7F57F081B4E5F84000B14C4 /* PickerStackStyleInterfaceController.swift in Sources */,
				C74385521B4FC17F00A523DA /* AudioInterfaceController.swift in Sources */,
				C727F75C1B4F946600AB6D13 /* AudioRecordingInterfaceController.swift in Sources */,
				C7D0B4E91B4C0D2300288F6F /* ComplicationController.swift in Sources */,
				C74A82401B50110D0097C682 /* AlertInterfaceController.swift in Sources */,
				C7D0B4E11B4C0D2300288F6F /* InterfaceController.swift in Sources */,
				C7D0B5011B4C10FE00288F6F /* MenuTableRowController.swift in Sources */,
				C7F5423C1B4FB1F200E5B55D /* MovieMenuInterfaceController.swift in Sources */,
				C7989AD41B53EEC9002F33D2 /* AnimationInterfaceController.swift in Sources */,
				C7D0B4E71B4C0D2300288F6F /* GlanceController.swift in Sources */,
			);
			runOnlyForDeploymentPostprocessing = 0;
		};
/* End PBXSourcesBuildPhase section */

/* Begin PBXTargetDependency section */
		C7D0B4B81B4C0D2200288F6F /* PBXTargetDependency */ = {
			isa = PBXTargetDependency;
			target = C7D0B4A11B4C0D2200288F6F /* WWDCWatchDemo */;
			targetProxy = C7D0B4B71B4C0D2200288F6F /* PBXContainerItemProxy */;
		};
		C7D0B4C31B4C0D2200288F6F /* PBXTargetDependency */ = {
			isa = PBXTargetDependency;
			target = C7D0B4A11B4C0D2200288F6F /* WWDCWatchDemo */;
			targetProxy = C7D0B4C21B4C0D2200288F6F /* PBXContainerItemProxy */;
		};
		C7D0B4CD1B4C0D2200288F6F /* PBXTargetDependency */ = {
			isa = PBXTargetDependency;
			target = C7D0B4C91B4C0D2200288F6F /* WWDCWatchDemo WatchKit App */;
			targetProxy = C7D0B4CC1B4C0D2200288F6F /* PBXContainerItemProxy */;
		};
		C7D0B4DC1B4C0D2300288F6F /* PBXTargetDependency */ = {
			isa = PBXTargetDependency;
			target = C7D0B4D81B4C0D2300288F6F /* WWDCWatchDemo WatchKit Extension */;
			targetProxy = C7D0B4DB1B4C0D2300288F6F /* PBXContainerItemProxy */;
		};
/* End PBXTargetDependency section */

/* Begin PBXVariantGroup section */
		C7D0B4AE1B4C0D2200288F6F /* LaunchScreen.storyboard */ = {
			isa = PBXVariantGroup;
			children = (
				C7D0B4AF1B4C0D2200288F6F /* Base */,
			);
			name = LaunchScreen.storyboard;
			sourceTree = "<group>";
		};
		C7D0B4CF1B4C0D2200288F6F /* Interface.storyboard */ = {
			isa = PBXVariantGroup;
			children = (
				C7D0B4D01B4C0D2200288F6F /* Base */,
			);
			name = Interface.storyboard;
			sourceTree = "<group>";
		};
/* End PBXVariantGroup section */

/* Begin XCBuildConfiguration section */
		C7D0B4ED1B4C0D2300288F6F /* Debug */ = {
			isa = XCBuildConfiguration;
			buildSettings = {
				ALWAYS_SEARCH_USER_PATHS = NO;
				CLANG_CXX_LANGUAGE_STANDARD = "gnu++0x";
				CLANG_CXX_LIBRARY = "libc++";
				CLANG_ENABLE_MODULES = YES;
				CLANG_ENABLE_OBJC_ARC = YES;
				CLANG_WARN_BOOL_CONVERSION = YES;
				CLANG_WARN_CONSTANT_CONVERSION = YES;
				CLANG_WARN_DIRECT_OBJC_ISA_USAGE = YES_ERROR;
				CLANG_WARN_EMPTY_BODY = YES;
				CLANG_WARN_ENUM_CONVERSION = YES;
				CLANG_WARN_INT_CONVERSION = YES;
				CLANG_WARN_OBJC_ROOT_CLASS = YES_ERROR;
				CLANG_WARN_UNREACHABLE_CODE = YES;
				CLANG_WARN__DUPLICATE_METHOD_MATCH = YES;
				"CODE_SIGN_IDENTITY[sdk=iphoneos*]" = "iPhone Developer";
				COPY_PHASE_STRIP = NO;
				DEBUG_INFORMATION_FORMAT = dwarf;
				ENABLE_STRICT_OBJC_MSGSEND = YES;
				ENABLE_TESTABILITY = YES;
				GCC_C_LANGUAGE_STANDARD = gnu99;
				GCC_DYNAMIC_NO_PIC = NO;
				GCC_NO_COMMON_BLOCKS = YES;
				GCC_OPTIMIZATION_LEVEL = 0;
				GCC_PREPROCESSOR_DEFINITIONS = (
					"DEBUG=1",
					"$(inherited)",
				);
				GCC_WARN_64_TO_32_BIT_CONVERSION = YES;
				GCC_WARN_ABOUT_RETURN_TYPE = YES_ERROR;
				GCC_WARN_UNDECLARED_SELECTOR = YES;
				GCC_WARN_UNINITIALIZED_AUTOS = YES_AGGRESSIVE;
				GCC_WARN_UNUSED_FUNCTION = YES;
				GCC_WARN_UNUSED_VARIABLE = YES;
				IPHONEOS_DEPLOYMENT_TARGET = 9.0;
				MTL_ENABLE_DEBUG_INFO = YES;
				ONLY_ACTIVE_ARCH = YES;
				SDKROOT = iphoneos;
				SWIFT_OPTIMIZATION_LEVEL = "-Onone";
				TARGETED_DEVICE_FAMILY = "1,2";
			};
			name = Debug;
		};
		C7D0B4EE1B4C0D2300288F6F /* Release */ = {
			isa = XCBuildConfiguration;
			buildSettings = {
				ALWAYS_SEARCH_USER_PATHS = NO;
				CLANG_CXX_LANGUAGE_STANDARD = "gnu++0x";
				CLANG_CXX_LIBRARY = "libc++";
				CLANG_ENABLE_MODULES = YES;
				CLANG_ENABLE_OBJC_ARC = YES;
				CLANG_WARN_BOOL_CONVERSION = YES;
				CLANG_WARN_CONSTANT_CONVERSION = YES;
				CLANG_WARN_DIRECT_OBJC_ISA_USAGE = YES_ERROR;
				CLANG_WARN_EMPTY_BODY = YES;
				CLANG_WARN_ENUM_CONVERSION = YES;
				CLANG_WARN_INT_CONVERSION = YES;
				CLANG_WARN_OBJC_ROOT_CLASS = YES_ERROR;
				CLANG_WARN_UNREACHABLE_CODE = YES;
				CLANG_WARN__DUPLICATE_METHOD_MATCH = YES;
				"CODE_SIGN_IDENTITY[sdk=iphoneos*]" = "iPhone Developer";
				COPY_PHASE_STRIP = NO;
				DEBUG_INFORMATION_FORMAT = "dwarf-with-dsym";
				ENABLE_NS_ASSERTIONS = NO;
				ENABLE_STRICT_OBJC_MSGSEND = YES;
				GCC_C_LANGUAGE_STANDARD = gnu99;
				GCC_NO_COMMON_BLOCKS = YES;
				GCC_WARN_64_TO_32_BIT_CONVERSION = YES;
				GCC_WARN_ABOUT_RETURN_TYPE = YES_ERROR;
				GCC_WARN_UNDECLARED_SELECTOR = YES;
				GCC_WARN_UNINITIALIZED_AUTOS = YES_AGGRESSIVE;
				GCC_WARN_UNUSED_FUNCTION = YES;
				GCC_WARN_UNUSED_VARIABLE = YES;
				IPHONEOS_DEPLOYMENT_TARGET = 9.0;
				MTL_ENABLE_DEBUG_INFO = NO;
				SDKROOT = iphoneos;
				TARGETED_DEVICE_FAMILY = "1,2";
				VALIDATE_PRODUCT = YES;
			};
			name = Release;
		};
		C7D0B4F01B4C0D2300288F6F /* Debug */ = {
			isa = XCBuildConfiguration;
			buildSettings = {
				ASSETCATALOG_COMPILER_COMPLICATION_NAME = Complication;
				CODE_SIGN_ENTITLEMENTS = "WWDCWatchDemo WatchKit Extension/WWDCWatchDemo WatchKit Extension.entitlements";
				CODE_SIGN_IDENTITY = "iPhone Developer";
				"CODE_SIGN_IDENTITY[sdk=watchos*]" = "iPhone Developer";
				INFOPLIST_FILE = "WWDCWatchDemo WatchKit Extension/Info.plist";
				LD_RUNPATH_SEARCH_PATHS = "$(inherited) @executable_path/Frameworks @executable_path/../../Frameworks";
				PRODUCT_BUNDLE_IDENTIFIER = JackyWang.WWDCWatchDemo.watchkitapp.watchkitextension;
				PRODUCT_NAME = "${TARGET_NAME}";
				PROVISIONING_PROFILE = "";
				SDKROOT = watchos;
				SKIP_INSTALL = YES;
				TARGETED_DEVICE_FAMILY = 4;
				WATCHOS_DEPLOYMENT_TARGET = 2.0;
			};
			name = Debug;
		};
		C7D0B4F11B4C0D2300288F6F /* Release */ = {
			isa = XCBuildConfiguration;
			buildSettings = {
				ASSETCATALOG_COMPILER_COMPLICATION_NAME = Complication;
				CODE_SIGN_ENTITLEMENTS = "WWDCWatchDemo WatchKit Extension/WWDCWatchDemo WatchKit Extension.entitlements";
				CODE_SIGN_IDENTITY = "iPhone Developer";
				"CODE_SIGN_IDENTITY[sdk=watchos*]" = "iPhone Developer";
				INFOPLIST_FILE = "WWDCWatchDemo WatchKit Extension/Info.plist";
				LD_RUNPATH_SEARCH_PATHS = "$(inherited) @executable_path/Frameworks @executable_path/../../Frameworks";
				PRODUCT_BUNDLE_IDENTIFIER = JackyWang.WWDCWatchDemo.watchkitapp.watchkitextension;
				PRODUCT_NAME = "${TARGET_NAME}";
				PROVISIONING_PROFILE = "";
				SDKROOT = watchos;
				SKIP_INSTALL = YES;
				TARGETED_DEVICE_FAMILY = 4;
				WATCHOS_DEPLOYMENT_TARGET = 2.0;
			};
			name = Release;
		};
		C7D0B4F41B4C0D2300288F6F /* Debug */ = {
			isa = XCBuildConfiguration;
			buildSettings = {
				ASSETCATALOG_COMPILER_APPICON_NAME = AppIcon;
				CODE_SIGN_ENTITLEMENTS = "WWDCWatchDemo WatchKit App/WWDCWatchDemo WatchKit App.entitlements";
				CODE_SIGN_IDENTITY = "iPhone Developer";
				"CODE_SIGN_IDENTITY[sdk=watchos*]" = "iPhone Developer";
				EMBEDDED_CONTENT_CONTAINS_SWIFT = YES;
				IBSC_MODULE = WWDCWatchDemo_WatchKit_Extension;
				INFOPLIST_FILE = "WWDCWatchDemo WatchKit App/Info.plist";
				PRODUCT_BUNDLE_IDENTIFIER = JackyWang.WWDCWatchDemo.watchkitapp;
				PRODUCT_NAME = "$(TARGET_NAME)";
				PROVISIONING_PROFILE = "";
				SDKROOT = watchos;
				SKIP_INSTALL = YES;
				TARGETED_DEVICE_FAMILY = 4;
				WATCHOS_DEPLOYMENT_TARGET = 2.0;
			};
			name = Debug;
		};
		C7D0B4F51B4C0D2300288F6F /* Release */ = {
			isa = XCBuildConfiguration;
			buildSettings = {
				ASSETCATALOG_COMPILER_APPICON_NAME = AppIcon;
				CODE_SIGN_ENTITLEMENTS = "WWDCWatchDemo WatchKit App/WWDCWatchDemo WatchKit App.entitlements";
				CODE_SIGN_IDENTITY = "iPhone Developer";
				"CODE_SIGN_IDENTITY[sdk=watchos*]" = "iPhone Developer";
				EMBEDDED_CONTENT_CONTAINS_SWIFT = YES;
				IBSC_MODULE = WWDCWatchDemo_WatchKit_Extension;
				INFOPLIST_FILE = "WWDCWatchDemo WatchKit App/Info.plist";
				PRODUCT_BUNDLE_IDENTIFIER = JackyWang.WWDCWatchDemo.watchkitapp;
				PRODUCT_NAME = "$(TARGET_NAME)";
				PROVISIONING_PROFILE = "";
				SDKROOT = watchos;
				SKIP_INSTALL = YES;
				TARGETED_DEVICE_FAMILY = 4;
				WATCHOS_DEPLOYMENT_TARGET = 2.0;
			};
			name = Release;
		};
		C7D0B4F81B4C0D2300288F6F /* Debug */ = {
			isa = XCBuildConfiguration;
			buildSettings = {
				ASSETCATALOG_COMPILER_APPICON_NAME = AppIcon;
				CODE_SIGN_ENTITLEMENTS = WWDCWatchDemo/WWDCWatchDemo.entitlements;
				CODE_SIGN_IDENTITY = "iPhone Developer";
				"CODE_SIGN_IDENTITY[sdk=iphoneos*]" = "iPhone Developer";
				INFOPLIST_FILE = WWDCWatchDemo/Info.plist;
				LD_RUNPATH_SEARCH_PATHS = "$(inherited) @executable_path/Frameworks";
				PRODUCT_BUNDLE_IDENTIFIER = JackyWang.WWDCWatchDemo;
				PRODUCT_NAME = "$(TARGET_NAME)";
				PROVISIONING_PROFILE = "";
			};
			name = Debug;
		};
		C7D0B4F91B4C0D2300288F6F /* Release */ = {
			isa = XCBuildConfiguration;
			buildSettings = {
				ASSETCATALOG_COMPILER_APPICON_NAME = AppIcon;
				CODE_SIGN_ENTITLEMENTS = WWDCWatchDemo/WWDCWatchDemo.entitlements;
				CODE_SIGN_IDENTITY = "iPhone Developer";
				"CODE_SIGN_IDENTITY[sdk=iphoneos*]" = "iPhone Developer";
				INFOPLIST_FILE = WWDCWatchDemo/Info.plist;
				LD_RUNPATH_SEARCH_PATHS = "$(inherited) @executable_path/Frameworks";
				PRODUCT_BUNDLE_IDENTIFIER = JackyWang.WWDCWatchDemo;
				PRODUCT_NAME = "$(TARGET_NAME)";
				PROVISIONING_PROFILE = "";
			};
			name = Release;
		};
		C7D0B4FB1B4C0D2300288F6F /* Debug */ = {
			isa = XCBuildConfiguration;
			buildSettings = {
				BUNDLE_LOADER = "$(TEST_HOST)";
				INFOPLIST_FILE = WWDCWatchDemoTests/Info.plist;
				LD_RUNPATH_SEARCH_PATHS = "$(inherited) @executable_path/Frameworks @loader_path/Frameworks";
				PRODUCT_BUNDLE_IDENTIFIER = JackyWang.WWDCWatchDemoTests;
				PRODUCT_NAME = "$(TARGET_NAME)";
				TEST_HOST = "$(BUILT_PRODUCTS_DIR)/WWDCWatchDemo.app/WWDCWatchDemo";
			};
			name = Debug;
		};
		C7D0B4FC1B4C0D2300288F6F /* Release */ = {
			isa = XCBuildConfiguration;
			buildSettings = {
				BUNDLE_LOADER = "$(TEST_HOST)";
				INFOPLIST_FILE = WWDCWatchDemoTests/Info.plist;
				LD_RUNPATH_SEARCH_PATHS = "$(inherited) @executable_path/Frameworks @loader_path/Frameworks";
				PRODUCT_BUNDLE_IDENTIFIER = JackyWang.WWDCWatchDemoTests;
				PRODUCT_NAME = "$(TARGET_NAME)";
				TEST_HOST = "$(BUILT_PRODUCTS_DIR)/WWDCWatchDemo.app/WWDCWatchDemo";
			};
			name = Release;
		};
		C7D0B4FE1B4C0D2300288F6F /* Debug */ = {
			isa = XCBuildConfiguration;
			buildSettings = {
				INFOPLIST_FILE = WWDCWatchDemoUITests/Info.plist;
				LD_RUNPATH_SEARCH_PATHS = "$(inherited) @executable_path/Frameworks @loader_path/Frameworks";
				PRODUCT_BUNDLE_IDENTIFIER = JackyWang.WWDCWatchDemoUITests;
				PRODUCT_NAME = "$(TARGET_NAME)";
				TEST_TARGET_NAME = WWDCWatchDemo;
				USES_XCTRUNNER = YES;
			};
			name = Debug;
		};
		C7D0B4FF1B4C0D2300288F6F /* Release */ = {
			isa = XCBuildConfiguration;
			buildSettings = {
				INFOPLIST_FILE = WWDCWatchDemoUITests/Info.plist;
				LD_RUNPATH_SEARCH_PATHS = "$(inherited) @executable_path/Frameworks @loader_path/Frameworks";
				PRODUCT_BUNDLE_IDENTIFIER = JackyWang.WWDCWatchDemoUITests;
				PRODUCT_NAME = "$(TARGET_NAME)";
				TEST_TARGET_NAME = WWDCWatchDemo;
				USES_XCTRUNNER = YES;
			};
			name = Release;
		};
/* End XCBuildConfiguration section */

/* Begin XCConfigurationList section */
		C7D0B49D1B4C0D2200288F6F /* Build configuration list for PBXProject "WWDCWatchDemo" */ = {
			isa = XCConfigurationList;
			buildConfigurations = (
				C7D0B4ED1B4C0D2300288F6F /* Debug */,
				C7D0B4EE1B4C0D2300288F6F /* Release */,
			);
			defaultConfigurationIsVisible = 0;
			defaultConfigurationName = Release;
		};
		C7D0B4EF1B4C0D2300288F6F /* Build configuration list for PBXNativeTarget "WWDCWatchDemo WatchKit Extension" */ = {
			isa = XCConfigurationList;
			buildConfigurations = (
				C7D0B4F01B4C0D2300288F6F /* Debug */,
				C7D0B4F11B4C0D2300288F6F /* Release */,
			);
			defaultConfigurationIsVisible = 0;
			defaultConfigurationName = Release;
		};
		C7D0B4F31B4C0D2300288F6F /* Build configuration list for PBXNativeTarget "WWDCWatchDemo WatchKit App" */ = {
			isa = XCConfigurationList;
			buildConfigurations = (
				C7D0B4F41B4C0D2300288F6F /* Debug */,
				C7D0B4F51B4C0D2300288F6F /* Release */,
			);
			defaultConfigurationIsVisible = 0;
			defaultConfigurationName = Release;
		};
		C7D0B4F71B4C0D2300288F6F /* Build configuration list for PBXNativeTarget "WWDCWatchDemo" */ = {
			isa = XCConfigurationList;
			buildConfigurations = (
				C7D0B4F81B4C0D2300288F6F /* Debug */,
				C7D0B4F91B4C0D2300288F6F /* Release */,
			);
			defaultConfigurationIsVisible = 0;
			defaultConfigurationName = Release;
		};
		C7D0B4FA1B4C0D2300288F6F /* Build configuration list for PBXNativeTarget "WWDCWatchDemoTests" */ = {
			isa = XCConfigurationList;
			buildConfigurations = (
				C7D0B4FB1B4C0D2300288F6F /* Debug */,
				C7D0B4FC1B4C0D2300288F6F /* Release */,
			);
			defaultConfigurationIsVisible = 0;
			defaultConfigurationName = Release;
		};
		C7D0B4FD1B4C0D2300288F6F /* Build configuration list for PBXNativeTarget "WWDCWatchDemoUITests" */ = {
			isa = XCConfigurationList;
			buildConfigurations = (
				C7D0B4FE1B4C0D2300288F6F /* Debug */,
				C7D0B4FF1B4C0D2300288F6F /* Release */,
			);
			defaultConfigurationIsVisible = 0;
			defaultConfigurationName = Release;
		};
/* End XCConfigurationList section */
	};
	rootObject = C7D0B49A1B4C0D2200288F6F /* Project object */;
}
